// !$*UTF8*$!
{
	archiveVersion = 1;
	classes = {
	};
	objectVersion = 55;
	objects = {

/* Begin PBXBuildFile section */
		2F47998FF94DEC2620196522 /* Pods_Crypto_List.framework in Frameworks */ = {isa = PBXBuildFile; fileRef = D997CF1E785E03C2D0832331 /* Pods_Crypto_List.framework */; };
		8D3C3F3C282FC4B000FC8942 /* CryptoListView.swift in Sources */ = {isa = PBXBuildFile; fileRef = 8D3C3F3B282FC4B000FC8942 /* CryptoListView.swift */; };
		8D3C3F3E282FC5B400FC8942 /* NetworkManager.swift in Sources */ = {isa = PBXBuildFile; fileRef = 8D3C3F3D282FC5B400FC8942 /* NetworkManager.swift */; };
		8D486C68282FC6290014CB7A /* CryptoListViewModel.swift in Sources */ = {isa = PBXBuildFile; fileRef = 8D486C67282FC6290014CB7A /* CryptoListViewModel.swift */; };
		8D486C6A282FCF8B0014CB7A /* CoinResponse.swift in Sources */ = {isa = PBXBuildFile; fileRef = 8D486C69282FCF8B0014CB7A /* CoinResponse.swift */; };
		8D486C6C282FF45A0014CB7A /* CoinListRow.swift in Sources */ = {isa = PBXBuildFile; fileRef = 8D486C6B282FF45A0014CB7A /* CoinListRow.swift */; };
		8D486C6E282FF7BD0014CB7A /* HexColor.swift in Sources */ = {isa = PBXBuildFile; fileRef = 8D486C6D282FF7BD0014CB7A /* HexColor.swift */; };
		8D486C702830022A0014CB7A /* LoadingView.swift in Sources */ = {isa = PBXBuildFile; fileRef = 8D486C6F2830022A0014CB7A /* LoadingView.swift */; };
		8D486C72283009400014CB7A /* CoinDetailView.swift in Sources */ = {isa = PBXBuildFile; fileRef = 8D486C71283009400014CB7A /* CoinDetailView.swift */; };
		8D486C7428300E320014CB7A /* FormatPoint.swift in Sources */ = {isa = PBXBuildFile; fileRef = 8D486C7328300E320014CB7A /* FormatPoint.swift */; };
		8D486C862830E80F0014CB7A /* ErrorView.swift in Sources */ = {isa = PBXBuildFile; fileRef = 8D486C852830E80F0014CB7A /* ErrorView.swift */; };
		8D486C88283127A10014CB7A /* SearchNoResultView.swift in Sources */ = {isa = PBXBuildFile; fileRef = 8D486C87283127A10014CB7A /* SearchNoResultView.swift */; };
		8D7E6D1928313618009F9737 /* TopRankView.swift in Sources */ = {isa = PBXBuildFile; fileRef = 8D7E6D1828313618009F9737 /* TopRankView.swift */; };
		8D7E6D1B28313790009F9737 /* TopRankCard.swift in Sources */ = {isa = PBXBuildFile; fileRef = 8D7E6D1A28313790009F9737 /* TopRankCard.swift */; };
		8DDD2030282FC06B006BFD14 /* Crypto_ListApp.swift in Sources */ = {isa = PBXBuildFile; fileRef = 8DDD202F282FC06B006BFD14 /* Crypto_ListApp.swift */; };
		8DDD2034282FC06C006BFD14 /* Assets.xcassets in Resources */ = {isa = PBXBuildFile; fileRef = 8DDD2033282FC06C006BFD14 /* Assets.xcassets */; };
		8DDD2037282FC06C006BFD14 /* Preview Assets.xcassets in Resources */ = {isa = PBXBuildFile; fileRef = 8DDD2036282FC06C006BFD14 /* Preview Assets.xcassets */; };
		8DDD2041282FC06C006BFD14 /* Crypto_ListTests.swift in Sources */ = {isa = PBXBuildFile; fileRef = 8DDD2040282FC06C006BFD14 /* Crypto_ListTests.swift */; };
		8DDD204B282FC06C006BFD14 /* Crypto_ListUITests.swift in Sources */ = {isa = PBXBuildFile; fileRef = 8DDD204A282FC06C006BFD14 /* Crypto_ListUITests.swift */; };
		8DDD204D282FC06C006BFD14 /* Crypto_ListUITestsLaunchTests.swift in Sources */ = {isa = PBXBuildFile; fileRef = 8DDD204C282FC06C006BFD14 /* Crypto_ListUITestsLaunchTests.swift */; };
		AFBCE023CD223E803FB82A1D /* Pods_Crypto_ListTests.framework in Frameworks */ = {isa = PBXBuildFile; fileRef = 9BC4858042224D625A3D7D20 /* Pods_Crypto_ListTests.framework */; };
		FC2E6E286F3DCDEBEB617C2C /* Pods_Crypto_List_Crypto_ListUITests.framework in Frameworks */ = {isa = PBXBuildFile; fileRef = 1E7E61B1F55A1C8933587A57 /* Pods_Crypto_List_Crypto_ListUITests.framework */; };
/* End PBXBuildFile section */

/* Begin PBXContainerItemProxy section */
		8DDD203D282FC06C006BFD14 /* PBXContainerItemProxy */ = {
			isa = PBXContainerItemProxy;
			containerPortal = 8DDD2024282FC06B006BFD14 /* Project object */;
			proxyType = 1;
			remoteGlobalIDString = 8DDD202B282FC06B006BFD14;
			remoteInfo = "Crypto-List";
		};
		8DDD2047282FC06C006BFD14 /* PBXContainerItemProxy */ = {
			isa = PBXContainerItemProxy;
			containerPortal = 8DDD2024282FC06B006BFD14 /* Project object */;
			proxyType = 1;
			remoteGlobalIDString = 8DDD202B282FC06B006BFD14;
			remoteInfo = "Crypto-List";
		};
/* End PBXContainerItemProxy section */

/* Begin PBXFileReference section */
		1206A1379D33737C73671006 /* Pods-Crypto-List-Crypto-ListUITests.debug.xcconfig */ = {isa = PBXFileReference; includeInIndex = 1; lastKnownFileType = text.xcconfig; name = "Pods-Crypto-List-Crypto-ListUITests.debug.xcconfig"; path = "Target Support Files/Pods-Crypto-List-Crypto-ListUITests/Pods-Crypto-List-Crypto-ListUITests.debug.xcconfig"; sourceTree = "<group>"; };
		12C0F7EA5963997D9BB6BBC0 /* Pods-Crypto-List-Crypto-ListUITests.release.xcconfig */ = {isa = PBXFileReference; includeInIndex = 1; lastKnownFileType = text.xcconfig; name = "Pods-Crypto-List-Crypto-ListUITests.release.xcconfig"; path = "Target Support Files/Pods-Crypto-List-Crypto-ListUITests/Pods-Crypto-List-Crypto-ListUITests.release.xcconfig"; sourceTree = "<group>"; };
		1E7E61B1F55A1C8933587A57 /* Pods_Crypto_List_Crypto_ListUITests.framework */ = {isa = PBXFileReference; explicitFileType = wrapper.framework; includeInIndex = 0; path = Pods_Crypto_List_Crypto_ListUITests.framework; sourceTree = BUILT_PRODUCTS_DIR; };
		58D6873789E188F51D3A2665 /* Pods-Crypto-List.release.xcconfig */ = {isa = PBXFileReference; includeInIndex = 1; lastKnownFileType = text.xcconfig; name = "Pods-Crypto-List.release.xcconfig"; path = "Target Support Files/Pods-Crypto-List/Pods-Crypto-List.release.xcconfig"; sourceTree = "<group>"; };
		7F995ADD83AF73C911AC64E7 /* Pods-Crypto-List.debug.xcconfig */ = {isa = PBXFileReference; includeInIndex = 1; lastKnownFileType = text.xcconfig; name = "Pods-Crypto-List.debug.xcconfig"; path = "Target Support Files/Pods-Crypto-List/Pods-Crypto-List.debug.xcconfig"; sourceTree = "<group>"; };
		88CBE85D6C933887A64F0D5D /* Pods-Crypto-ListTests.release.xcconfig */ = {isa = PBXFileReference; includeInIndex = 1; lastKnownFileType = text.xcconfig; name = "Pods-Crypto-ListTests.release.xcconfig"; path = "Target Support Files/Pods-Crypto-ListTests/Pods-Crypto-ListTests.release.xcconfig"; sourceTree = "<group>"; };
		8D3C3F3B282FC4B000FC8942 /* CryptoListView.swift */ = {isa = PBXFileReference; lastKnownFileType = sourcecode.swift; path = CryptoListView.swift; sourceTree = "<group>"; };
		8D3C3F3D282FC5B400FC8942 /* NetworkManager.swift */ = {isa = PBXFileReference; lastKnownFileType = sourcecode.swift; path = NetworkManager.swift; sourceTree = "<group>"; };
		8D486C67282FC6290014CB7A /* CryptoListViewModel.swift */ = {isa = PBXFileReference; lastKnownFileType = sourcecode.swift; path = CryptoListViewModel.swift; sourceTree = "<group>"; };
		8D486C69282FCF8B0014CB7A /* CoinResponse.swift */ = {isa = PBXFileReference; lastKnownFileType = sourcecode.swift; path = CoinResponse.swift; sourceTree = "<group>"; };
		8D486C6B282FF45A0014CB7A /* CoinListRow.swift */ = {isa = PBXFileReference; lastKnownFileType = sourcecode.swift; path = CoinListRow.swift; sourceTree = "<group>"; };
		8D486C6D282FF7BD0014CB7A /* HexColor.swift */ = {isa = PBXFileReference; lastKnownFileType = sourcecode.swift; path = HexColor.swift; sourceTree = "<group>"; };
		8D486C6F2830022A0014CB7A /* LoadingView.swift */ = {isa = PBXFileReference; lastKnownFileType = sourcecode.swift; path = LoadingView.swift; sourceTree = "<group>"; };
		8D486C71283009400014CB7A /* CoinDetailView.swift */ = {isa = PBXFileReference; lastKnownFileType = sourcecode.swift; path = CoinDetailView.swift; sourceTree = "<group>"; };
		8D486C7328300E320014CB7A /* FormatPoint.swift */ = {isa = PBXFileReference; lastKnownFileType = sourcecode.swift; path = FormatPoint.swift; sourceTree = "<group>"; };
		8D486C852830E80F0014CB7A /* ErrorView.swift */ = {isa = PBXFileReference; lastKnownFileType = sourcecode.swift; path = ErrorView.swift; sourceTree = "<group>"; };
		8D486C87283127A10014CB7A /* SearchNoResultView.swift */ = {isa = PBXFileReference; lastKnownFileType = sourcecode.swift; path = SearchNoResultView.swift; sourceTree = "<group>"; };
		8D7E6D1828313618009F9737 /* TopRankView.swift */ = {isa = PBXFileReference; lastKnownFileType = sourcecode.swift; path = TopRankView.swift; sourceTree = "<group>"; };
		8D7E6D1A28313790009F9737 /* TopRankCard.swift */ = {isa = PBXFileReference; lastKnownFileType = sourcecode.swift; path = TopRankCard.swift; sourceTree = "<group>"; };
		8DDD202C282FC06B006BFD14 /* Crypto-List.app */ = {isa = PBXFileReference; explicitFileType = wrapper.application; includeInIndex = 0; path = "Crypto-List.app"; sourceTree = BUILT_PRODUCTS_DIR; };
		8DDD202F282FC06B006BFD14 /* Crypto_ListApp.swift */ = {isa = PBXFileReference; lastKnownFileType = sourcecode.swift; path = Crypto_ListApp.swift; sourceTree = "<group>"; };
		8DDD2033282FC06C006BFD14 /* Assets.xcassets */ = {isa = PBXFileReference; lastKnownFileType = folder.assetcatalog; path = Assets.xcassets; sourceTree = "<group>"; };
		8DDD2036282FC06C006BFD14 /* Preview Assets.xcassets */ = {isa = PBXFileReference; lastKnownFileType = folder.assetcatalog; path = "Preview Assets.xcassets"; sourceTree = "<group>"; };
		8DDD203C282FC06C006BFD14 /* Crypto-ListTests.xctest */ = {isa = PBXFileReference; explicitFileType = wrapper.cfbundle; includeInIndex = 0; path = "Crypto-ListTests.xctest"; sourceTree = BUILT_PRODUCTS_DIR; };
		8DDD2040282FC06C006BFD14 /* Crypto_ListTests.swift */ = {isa = PBXFileReference; lastKnownFileType = sourcecode.swift; path = Crypto_ListTests.swift; sourceTree = "<group>"; };
		8DDD2046282FC06C006BFD14 /* Crypto-ListUITests.xctest */ = {isa = PBXFileReference; explicitFileType = wrapper.cfbundle; includeInIndex = 0; path = "Crypto-ListUITests.xctest"; sourceTree = BUILT_PRODUCTS_DIR; };
		8DDD204A282FC06C006BFD14 /* Crypto_ListUITests.swift */ = {isa = PBXFileReference; lastKnownFileType = sourcecode.swift; path = Crypto_ListUITests.swift; sourceTree = "<group>"; };
		8DDD204C282FC06C006BFD14 /* Crypto_ListUITestsLaunchTests.swift */ = {isa = PBXFileReference; lastKnownFileType = sourcecode.swift; path = Crypto_ListUITestsLaunchTests.swift; sourceTree = "<group>"; };
		9BC4858042224D625A3D7D20 /* Pods_Crypto_ListTests.framework */ = {isa = PBXFileReference; explicitFileType = wrapper.framework; includeInIndex = 0; path = Pods_Crypto_ListTests.framework; sourceTree = BUILT_PRODUCTS_DIR; };
		D705399B041B9DFE11E99E9D /* Pods-Crypto-ListTests.debug.xcconfig */ = {isa = PBXFileReference; includeInIndex = 1; lastKnownFileType = text.xcconfig; name = "Pods-Crypto-ListTests.debug.xcconfig"; path = "Target Support Files/Pods-Crypto-ListTests/Pods-Crypto-ListTests.debug.xcconfig"; sourceTree = "<group>"; };
		D997CF1E785E03C2D0832331 /* Pods_Crypto_List.framework */ = {isa = PBXFileReference; explicitFileType = wrapper.framework; includeInIndex = 0; path = Pods_Crypto_List.framework; sourceTree = BUILT_PRODUCTS_DIR; };
/* End PBXFileReference section */

/* Begin PBXFrameworksBuildPhase section */
		8DDD2029282FC06B006BFD14 /* Frameworks */ = {
			isa = PBXFrameworksBuildPhase;
			buildActionMask = 2147483647;
			files = (
				2F47998FF94DEC2620196522 /* Pods_Crypto_List.framework in Frameworks */,
			);
			runOnlyForDeploymentPostprocessing = 0;
		};
		8DDD2039282FC06C006BFD14 /* Frameworks */ = {
			isa = PBXFrameworksBuildPhase;
			buildActionMask = 2147483647;
			files = (
				AFBCE023CD223E803FB82A1D /* Pods_Crypto_ListTests.framework in Frameworks */,
			);
			runOnlyForDeploymentPostprocessing = 0;
		};
		8DDD2043282FC06C006BFD14 /* Frameworks */ = {
			isa = PBXFrameworksBuildPhase;
			buildActionMask = 2147483647;
			files = (
				FC2E6E286F3DCDEBEB617C2C /* Pods_Crypto_List_Crypto_ListUITests.framework in Frameworks */,
			);
			runOnlyForDeploymentPostprocessing = 0;
		};
/* End PBXFrameworksBuildPhase section */

/* Begin PBXGroup section */
		6A9289FA15607D17D366CE7D /* Pods */ = {
			isa = PBXGroup;
			children = (
				7F995ADD83AF73C911AC64E7 /* Pods-Crypto-List.debug.xcconfig */,
				58D6873789E188F51D3A2665 /* Pods-Crypto-List.release.xcconfig */,
				1206A1379D33737C73671006 /* Pods-Crypto-List-Crypto-ListUITests.debug.xcconfig */,
				12C0F7EA5963997D9BB6BBC0 /* Pods-Crypto-List-Crypto-ListUITests.release.xcconfig */,
				D705399B041B9DFE11E99E9D /* Pods-Crypto-ListTests.debug.xcconfig */,
				88CBE85D6C933887A64F0D5D /* Pods-Crypto-ListTests.release.xcconfig */,
			);
			path = Pods;
			sourceTree = "<group>";
		};
		73AE4F82947630B6BB3F98C4 /* Frameworks */ = {
			isa = PBXGroup;
			children = (
				D997CF1E785E03C2D0832331 /* Pods_Crypto_List.framework */,
				1E7E61B1F55A1C8933587A57 /* Pods_Crypto_List_Crypto_ListUITests.framework */,
				9BC4858042224D625A3D7D20 /* Pods_Crypto_ListTests.framework */,
			);
			name = Frameworks;
			sourceTree = "<group>";
		};
		8D3C3F37282FC3DD00FC8942 /* Views */ = {
			isa = PBXGroup;
			children = (
				8D3C3F3A282FC49300FC8942 /* CryptoListView */,
				8D486C6B282FF45A0014CB7A /* CoinListRow.swift */,
				8D486C6F2830022A0014CB7A /* LoadingView.swift */,
				8D486C71283009400014CB7A /* CoinDetailView.swift */,
				8D486C852830E80F0014CB7A /* ErrorView.swift */,
				8D486C87283127A10014CB7A /* SearchNoResultView.swift */,
				8D7E6D1828313618009F9737 /* TopRankView.swift */,
				8D7E6D1A28313790009F9737 /* TopRankCard.swift */,
			);
			path = Views;
			sourceTree = "<group>";
		};
		8D3C3F38282FC42400FC8942 /* Model */ = {
			isa = PBXGroup;
			children = (
				8D486C69282FCF8B0014CB7A /* CoinResponse.swift */,
			);
			path = Model;
			sourceTree = "<group>";
		};
		8D3C3F39282FC42C00FC8942 /* Utillities */ = {
			isa = PBXGroup;
			children = (
				8D3C3F3D282FC5B400FC8942 /* NetworkManager.swift */,
				8D486C6D282FF7BD0014CB7A /* HexColor.swift */,
				8D486C7328300E320014CB7A /* FormatPoint.swift */,
			);
			path = Utillities;
			sourceTree = "<group>";
		};
		8D3C3F3A282FC49300FC8942 /* CryptoListView */ = {
			isa = PBXGroup;
			children = (
				8D3C3F3B282FC4B000FC8942 /* CryptoListView.swift */,
				8D486C67282FC6290014CB7A /* CryptoListViewModel.swift */,
			);
			path = CryptoListView;
			sourceTree = "<group>";
		};
		8DDD2023282FC06B006BFD14 = {
			isa = PBXGroup;
			children = (
				8DDD202E282FC06B006BFD14 /* Crypto-List */,
				8DDD203F282FC06C006BFD14 /* Crypto-ListTests */,
				8DDD2049282FC06C006BFD14 /* Crypto-ListUITests */,
				8DDD202D282FC06B006BFD14 /* Products */,
				6A9289FA15607D17D366CE7D /* Pods */,
				73AE4F82947630B6BB3F98C4 /* Frameworks */,
			);
			sourceTree = "<group>";
		};
		8DDD202D282FC06B006BFD14 /* Products */ = {
			isa = PBXGroup;
			children = (
				8DDD202C282FC06B006BFD14 /* Crypto-List.app */,
				8DDD203C282FC06C006BFD14 /* Crypto-ListTests.xctest */,
				8DDD2046282FC06C006BFD14 /* Crypto-ListUITests.xctest */,
			);
			name = Products;
			sourceTree = "<group>";
		};
		8DDD202E282FC06B006BFD14 /* Crypto-List */ = {
			isa = PBXGroup;
			children = (
				8DDD202F282FC06B006BFD14 /* Crypto_ListApp.swift */,
				8D3C3F37282FC3DD00FC8942 /* Views */,
				8D3C3F39282FC42C00FC8942 /* Utillities */,
				8D3C3F38282FC42400FC8942 /* Model */,
				8DDD2033282FC06C006BFD14 /* Assets.xcassets */,
				8DDD2035282FC06C006BFD14 /* Preview Content */,
			);
			path = "Crypto-List";
			sourceTree = "<group>";
		};
		8DDD2035282FC06C006BFD14 /* Preview Content */ = {
			isa = PBXGroup;
			children = (
				8DDD2036282FC06C006BFD14 /* Preview Assets.xcassets */,
			);
			path = "Preview Content";
			sourceTree = "<group>";
		};
		8DDD203F282FC06C006BFD14 /* Crypto-ListTests */ = {
			isa = PBXGroup;
			children = (
				8DDD2040282FC06C006BFD14 /* Crypto_ListTests.swift */,
			);
			path = "Crypto-ListTests";
			sourceTree = "<group>";
		};
		8DDD2049282FC06C006BFD14 /* Crypto-ListUITests */ = {
			isa = PBXGroup;
			children = (
				8DDD204A282FC06C006BFD14 /* Crypto_ListUITests.swift */,
				8DDD204C282FC06C006BFD14 /* Crypto_ListUITestsLaunchTests.swift */,
			);
			path = "Crypto-ListUITests";
			sourceTree = "<group>";
		};
/* End PBXGroup section */

/* Begin PBXNativeTarget section */
		8DDD202B282FC06B006BFD14 /* Crypto-List */ = {
			isa = PBXNativeTarget;
			buildConfigurationList = 8DDD2050282FC06C006BFD14 /* Build configuration list for PBXNativeTarget "Crypto-List" */;
			buildPhases = (
				F292DA008A9E86BCFD761C21 /* [CP] Check Pods Manifest.lock */,
				8DDD2028282FC06B006BFD14 /* Sources */,
				8DDD2029282FC06B006BFD14 /* Frameworks */,
				8DDD202A282FC06B006BFD14 /* Resources */,
				F32E88ACCBD43BCF312E2D75 /* [CP] Embed Pods Frameworks */,
			);
			buildRules = (
			);
			dependencies = (
			);
			name = "Crypto-List";
			productName = "Crypto-List";
			productReference = 8DDD202C282FC06B006BFD14 /* Crypto-List.app */;
			productType = "com.apple.product-type.application";
		};
		8DDD203B282FC06C006BFD14 /* Crypto-ListTests */ = {
			isa = PBXNativeTarget;
			buildConfigurationList = 8DDD2053282FC06C006BFD14 /* Build configuration list for PBXNativeTarget "Crypto-ListTests" */;
			buildPhases = (
				A319392D2A7EE8DE54AF7936 /* [CP] Check Pods Manifest.lock */,
				8DDD2038282FC06C006BFD14 /* Sources */,
				8DDD2039282FC06C006BFD14 /* Frameworks */,
				8DDD203A282FC06C006BFD14 /* Resources */,
			);
			buildRules = (
			);
			dependencies = (
				8DDD203E282FC06C006BFD14 /* PBXTargetDependency */,
			);
			name = "Crypto-ListTests";
			productName = "Crypto-ListTests";
			productReference = 8DDD203C282FC06C006BFD14 /* Crypto-ListTests.xctest */;
			productType = "com.apple.product-type.bundle.unit-test";
		};
		8DDD2045282FC06C006BFD14 /* Crypto-ListUITests */ = {
			isa = PBXNativeTarget;
			buildConfigurationList = 8DDD2056282FC06C006BFD14 /* Build configuration list for PBXNativeTarget "Crypto-ListUITests" */;
			buildPhases = (
				AEE514133F8A3F126A8F01A7 /* [CP] Check Pods Manifest.lock */,
				8DDD2042282FC06C006BFD14 /* Sources */,
				8DDD2043282FC06C006BFD14 /* Frameworks */,
				8DDD2044282FC06C006BFD14 /* Resources */,
				4E5B50A96A7D9B993E7D1E48 /* [CP] Embed Pods Frameworks */,
			);
			buildRules = (
			);
			dependencies = (
				8DDD2048282FC06C006BFD14 /* PBXTargetDependency */,
			);
			name = "Crypto-ListUITests";
			productName = "Crypto-ListUITests";
			productReference = 8DDD2046282FC06C006BFD14 /* Crypto-ListUITests.xctest */;
			productType = "com.apple.product-type.bundle.ui-testing";
		};
/* End PBXNativeTarget section */

/* Begin PBXProject section */
		8DDD2024282FC06B006BFD14 /* Project object */ = {
			isa = PBXProject;
			attributes = {
				BuildIndependentTargetsInParallel = 1;
				LastSwiftUpdateCheck = 1330;
				LastUpgradeCheck = 1330;
				TargetAttributes = {
					8DDD202B282FC06B006BFD14 = {
						CreatedOnToolsVersion = 13.3.1;
					};
					8DDD203B282FC06C006BFD14 = {
						CreatedOnToolsVersion = 13.3.1;
						TestTargetID = 8DDD202B282FC06B006BFD14;
					};
					8DDD2045282FC06C006BFD14 = {
						CreatedOnToolsVersion = 13.3.1;
						TestTargetID = 8DDD202B282FC06B006BFD14;
					};
				};
			};
			buildConfigurationList = 8DDD2027282FC06B006BFD14 /* Build configuration list for PBXProject "Crypto-List" */;
			compatibilityVersion = "Xcode 13.0";
			developmentRegion = en;
			hasScannedForEncodings = 0;
			knownRegions = (
				en,
				Base,
			);
			mainGroup = 8DDD2023282FC06B006BFD14;
			productRefGroup = 8DDD202D282FC06B006BFD14 /* Products */;
			projectDirPath = "";
			projectRoot = "";
			targets = (
				8DDD202B282FC06B006BFD14 /* Crypto-List */,
				8DDD203B282FC06C006BFD14 /* Crypto-ListTests */,
				8DDD2045282FC06C006BFD14 /* Crypto-ListUITests */,
			);
		};
/* End PBXProject section */

/* Begin PBXResourcesBuildPhase section */
		8DDD202A282FC06B006BFD14 /* Resources */ = {
			isa = PBXResourcesBuildPhase;
			buildActionMask = 2147483647;
			files = (
				8DDD2037282FC06C006BFD14 /* Preview Assets.xcassets in Resources */,
				8DDD2034282FC06C006BFD14 /* Assets.xcassets in Resources */,
			);
			runOnlyForDeploymentPostprocessing = 0;
		};
		8DDD203A282FC06C006BFD14 /* Resources */ = {
			isa = PBXResourcesBuildPhase;
			buildActionMask = 2147483647;
			files = (
			);
			runOnlyForDeploymentPostprocessing = 0;
		};
		8DDD2044282FC06C006BFD14 /* Resources */ = {
			isa = PBXResourcesBuildPhase;
			buildActionMask = 2147483647;
			files = (
			);
			runOnlyForDeploymentPostprocessing = 0;
		};
/* End PBXResourcesBuildPhase section */

/* Begin PBXShellScriptBuildPhase section */
		4E5B50A96A7D9B993E7D1E48 /* [CP] Embed Pods Frameworks */ = {
			isa = PBXShellScriptBuildPhase;
			buildActionMask = 2147483647;
			files = (
			);
			inputFileListPaths = (
				"${PODS_ROOT}/Target Support Files/Pods-Crypto-List-Crypto-ListUITests/Pods-Crypto-List-Crypto-ListUITests-frameworks-${CONFIGURATION}-input-files.xcfilelist",
			);
			name = "[CP] Embed Pods Frameworks";
			outputFileListPaths = (
				"${PODS_ROOT}/Target Support Files/Pods-Crypto-List-Crypto-ListUITests/Pods-Crypto-List-Crypto-ListUITests-frameworks-${CONFIGURATION}-output-files.xcfilelist",
			);
			runOnlyForDeploymentPostprocessing = 0;
			shellPath = /bin/sh;
			shellScript = "\"${PODS_ROOT}/Target Support Files/Pods-Crypto-List-Crypto-ListUITests/Pods-Crypto-List-Crypto-ListUITests-frameworks.sh\"\n";
			showEnvVarsInLog = 0;
		};
		A319392D2A7EE8DE54AF7936 /* [CP] Check Pods Manifest.lock */ = {
			isa = PBXShellScriptBuildPhase;
			buildActionMask = 2147483647;
			files = (
			);
			inputFileListPaths = (
			);
			inputPaths = (
				"${PODS_PODFILE_DIR_PATH}/Podfile.lock",
				"${PODS_ROOT}/Manifest.lock",
			);
			name = "[CP] Check Pods Manifest.lock";
			outputFileListPaths = (
			);
			outputPaths = (
				"$(DERIVED_FILE_DIR)/Pods-Crypto-ListTests-checkManifestLockResult.txt",
			);
			runOnlyForDeploymentPostprocessing = 0;
			shellPath = /bin/sh;
			shellScript = "diff \"${PODS_PODFILE_DIR_PATH}/Podfile.lock\" \"${PODS_ROOT}/Manifest.lock\" > /dev/null\nif [ $? != 0 ] ; then\n    # print error to STDERR\n    echo \"error: The sandbox is not in sync with the Podfile.lock. Run 'pod install' or update your CocoaPods installation.\" >&2\n    exit 1\nfi\n# This output is used by Xcode 'outputs' to avoid re-running this script phase.\necho \"SUCCESS\" > \"${SCRIPT_OUTPUT_FILE_0}\"\n";
			showEnvVarsInLog = 0;
		};
		AEE514133F8A3F126A8F01A7 /* [CP] Check Pods Manifest.lock */ = {
			isa = PBXShellScriptBuildPhase;
			buildActionMask = 2147483647;
			files = (
			);
			inputFileListPaths = (
			);
			inputPaths = (
				"${PODS_PODFILE_DIR_PATH}/Podfile.lock",
				"${PODS_ROOT}/Manifest.lock",
			);
			name = "[CP] Check Pods Manifest.lock";
			outputFileListPaths = (
			);
			outputPaths = (
				"$(DERIVED_FILE_DIR)/Pods-Crypto-List-Crypto-ListUITests-checkManifestLockResult.txt",
			);
			runOnlyForDeploymentPostprocessing = 0;
			shellPath = /bin/sh;
			shellScript = "diff \"${PODS_PODFILE_DIR_PATH}/Podfile.lock\" \"${PODS_ROOT}/Manifest.lock\" > /dev/null\nif [ $? != 0 ] ; then\n    # print error to STDERR\n    echo \"error: The sandbox is not in sync with the Podfile.lock. Run 'pod install' or update your CocoaPods installation.\" >&2\n    exit 1\nfi\n# This output is used by Xcode 'outputs' to avoid re-running this script phase.\necho \"SUCCESS\" > \"${SCRIPT_OUTPUT_FILE_0}\"\n";
			showEnvVarsInLog = 0;
		};
		F292DA008A9E86BCFD761C21 /* [CP] Check Pods Manifest.lock */ = {
			isa = PBXShellScriptBuildPhase;
			buildActionMask = 2147483647;
			files = (
			);
			inputFileListPaths = (
			);
			inputPaths = (
				"${PODS_PODFILE_DIR_PATH}/Podfile.lock",
				"${PODS_ROOT}/Manifest.lock",
			);
			name = "[CP] Check Pods Manifest.lock";
			outputFileListPaths = (
			);
			outputPaths = (
				"$(DERIVED_FILE_DIR)/Pods-Crypto-List-checkManifestLockResult.txt",
			);
			runOnlyForDeploymentPostprocessing = 0;
			shellPath = /bin/sh;
			shellScript = "diff \"${PODS_PODFILE_DIR_PATH}/Podfile.lock\" \"${PODS_ROOT}/Manifest.lock\" > /dev/null\nif [ $? != 0 ] ; then\n    # print error to STDERR\n    echo \"error: The sandbox is not in sync with the Podfile.lock. Run 'pod install' or update your CocoaPods installation.\" >&2\n    exit 1\nfi\n# This output is used by Xcode 'outputs' to avoid re-running this script phase.\necho \"SUCCESS\" > \"${SCRIPT_OUTPUT_FILE_0}\"\n";
			showEnvVarsInLog = 0;
		};
		F32E88ACCBD43BCF312E2D75 /* [CP] Embed Pods Frameworks */ = {
			isa = PBXShellScriptBuildPhase;
			buildActionMask = 2147483647;
			files = (
			);
			inputFileListPaths = (
				"${PODS_ROOT}/Target Support Files/Pods-Crypto-List/Pods-Crypto-List-frameworks-${CONFIGURATION}-input-files.xcfilelist",
			);
			name = "[CP] Embed Pods Frameworks";
			outputFileListPaths = (
				"${PODS_ROOT}/Target Support Files/Pods-Crypto-List/Pods-Crypto-List-frameworks-${CONFIGURATION}-output-files.xcfilelist",
			);
			runOnlyForDeploymentPostprocessing = 0;
			shellPath = /bin/sh;
			shellScript = "\"${PODS_ROOT}/Target Support Files/Pods-Crypto-List/Pods-Crypto-List-frameworks.sh\"\n";
			showEnvVarsInLog = 0;
		};
/* End PBXShellScriptBuildPhase section */

/* Begin PBXSourcesBuildPhase section */
		8DDD2028282FC06B006BFD14 /* Sources */ = {
			isa = PBXSourcesBuildPhase;
			buildActionMask = 2147483647;
			files = (
				8D486C6A282FCF8B0014CB7A /* CoinResponse.swift in Sources */,
				8D486C6C282FF45A0014CB7A /* CoinListRow.swift in Sources */,
				8D486C68282FC6290014CB7A /* CryptoListViewModel.swift in Sources */,
				8D7E6D1B28313790009F9737 /* TopRankCard.swift in Sources */,
				8D3C3F3E282FC5B400FC8942 /* NetworkManager.swift in Sources */,
				8D486C88283127A10014CB7A /* SearchNoResultView.swift in Sources */,
				8D486C6E282FF7BD0014CB7A /* HexColor.swift in Sources */,
				8D7E6D1928313618009F9737 /* TopRankView.swift in Sources */,
				8DDD2030282FC06B006BFD14 /* Crypto_ListApp.swift in Sources */,
				8D486C862830E80F0014CB7A /* ErrorView.swift in Sources */,
				8D3C3F3C282FC4B000FC8942 /* CryptoListView.swift in Sources */,
				8D486C7428300E320014CB7A /* FormatPoint.swift in Sources */,
				8D486C72283009400014CB7A /* CoinDetailView.swift in Sources */,
				8D486C702830022A0014CB7A /* LoadingView.swift in Sources */,
			);
			runOnlyForDeploymentPostprocessing = 0;
		};
		8DDD2038282FC06C006BFD14 /* Sources */ = {
			isa = PBXSourcesBuildPhase;
			buildActionMask = 2147483647;
			files = (
				8DDD2041282FC06C006BFD14 /* Crypto_ListTests.swift in Sources */,
			);
			runOnlyForDeploymentPostprocessing = 0;
		};
		8DDD2042282FC06C006BFD14 /* Sources */ = {
			isa = PBXSourcesBuildPhase;
			buildActionMask = 2147483647;
			files = (
				8DDD204B282FC06C006BFD14 /* Crypto_ListUITests.swift in Sources */,
				8DDD204D282FC06C006BFD14 /* Crypto_ListUITestsLaunchTests.swift in Sources */,
			);
			runOnlyForDeploymentPostprocessing = 0;
		};
/* End PBXSourcesBuildPhase section */

/* Begin PBXTargetDependency section */
		8DDD203E282FC06C006BFD14 /* PBXTargetDependency */ = {
			isa = PBXTargetDependency;
			target = 8DDD202B282FC06B006BFD14 /* Crypto-List */;
			targetProxy = 8DDD203D282FC06C006BFD14 /* PBXContainerItemProxy */;
		};
		8DDD2048282FC06C006BFD14 /* PBXTargetDependency */ = {
			isa = PBXTargetDependency;
			target = 8DDD202B282FC06B006BFD14 /* Crypto-List */;
			targetProxy = 8DDD2047282FC06C006BFD14 /* PBXContainerItemProxy */;
		};
/* End PBXTargetDependency section */

/* Begin XCBuildConfiguration section */
		8DDD204E282FC06C006BFD14 /* Debug */ = {
			isa = XCBuildConfiguration;
			buildSettings = {
				ALWAYS_SEARCH_USER_PATHS = NO;
				CLANG_ANALYZER_NONNULL = YES;
				CLANG_ANALYZER_NUMBER_OBJECT_CONVERSION = YES_AGGRESSIVE;
				CLANG_CXX_LANGUAGE_STANDARD = "gnu++17";
				CLANG_ENABLE_MODULES = YES;
				CLANG_ENABLE_OBJC_ARC = YES;
				CLANG_ENABLE_OBJC_WEAK = YES;
				CLANG_WARN_BLOCK_CAPTURE_AUTORELEASING = YES;
				CLANG_WARN_BOOL_CONVERSION = YES;
				CLANG_WARN_COMMA = YES;
				CLANG_WARN_CONSTANT_CONVERSION = YES;
				CLANG_WARN_DEPRECATED_OBJC_IMPLEMENTATIONS = YES;
				CLANG_WARN_DIRECT_OBJC_ISA_USAGE = YES_ERROR;
				CLANG_WARN_DOCUMENTATION_COMMENTS = YES;
				CLANG_WARN_EMPTY_BODY = YES;
				CLANG_WARN_ENUM_CONVERSION = YES;
				CLANG_WARN_INFINITE_RECURSION = YES;
				CLANG_WARN_INT_CONVERSION = YES;
				CLANG_WARN_NON_LITERAL_NULL_CONVERSION = YES;
				CLANG_WARN_OBJC_IMPLICIT_RETAIN_SELF = YES;
				CLANG_WARN_OBJC_LITERAL_CONVERSION = YES;
				CLANG_WARN_OBJC_ROOT_CLASS = YES_ERROR;
				CLANG_WARN_QUOTED_INCLUDE_IN_FRAMEWORK_HEADER = YES;
				CLANG_WARN_RANGE_LOOP_ANALYSIS = YES;
				CLANG_WARN_STRICT_PROTOTYPES = YES;
				CLANG_WARN_SUSPICIOUS_MOVE = YES;
				CLANG_WARN_UNGUARDED_AVAILABILITY = YES_AGGRESSIVE;
				CLANG_WARN_UNREACHABLE_CODE = YES;
				CLANG_WARN__DUPLICATE_METHOD_MATCH = YES;
				COPY_PHASE_STRIP = NO;
				DEBUG_INFORMATION_FORMAT = dwarf;
				ENABLE_STRICT_OBJC_MSGSEND = YES;
				ENABLE_TESTABILITY = YES;
				GCC_C_LANGUAGE_STANDARD = gnu11;
				GCC_DYNAMIC_NO_PIC = NO;
				GCC_NO_COMMON_BLOCKS = YES;
				GCC_OPTIMIZATION_LEVEL = 0;
				GCC_PREPROCESSOR_DEFINITIONS = (
					"DEBUG=1",
					"$(inherited)",
				);
				GCC_WARN_64_TO_32_BIT_CONVERSION = YES;
				GCC_WARN_ABOUT_RETURN_TYPE = YES_ERROR;
				GCC_WARN_UNDECLARED_SELECTOR = YES;
				GCC_WARN_UNINITIALIZED_AUTOS = YES_AGGRESSIVE;
				GCC_WARN_UNUSED_FUNCTION = YES;
				GCC_WARN_UNUSED_VARIABLE = YES;
				IPHONEOS_DEPLOYMENT_TARGET = 15.4;
				MTL_ENABLE_DEBUG_INFO = INCLUDE_SOURCE;
				MTL_FAST_MATH = YES;
				ONLY_ACTIVE_ARCH = YES;
				SDKROOT = iphoneos;
				SWIFT_ACTIVE_COMPILATION_CONDITIONS = DEBUG;
				SWIFT_OPTIMIZATION_LEVEL = "-Onone";
			};
			name = Debug;
		};
		8DDD204F282FC06C006BFD14 /* Release */ = {
			isa = XCBuildConfiguration;
			buildSettings = {
				ALWAYS_SEARCH_USER_PATHS = NO;
				CLANG_ANALYZER_NONNULL = YES;
				CLANG_ANALYZER_NUMBER_OBJECT_CONVERSION = YES_AGGRESSIVE;
				CLANG_CXX_LANGUAGE_STANDARD = "gnu++17";
				CLANG_ENABLE_MODULES = YES;
				CLANG_ENABLE_OBJC_ARC = YES;
				CLANG_ENABLE_OBJC_WEAK = YES;
				CLANG_WARN_BLOCK_CAPTURE_AUTORELEASING = YES;
				CLANG_WARN_BOOL_CONVERSION = YES;
				CLANG_WARN_COMMA = YES;
				CLANG_WARN_CONSTANT_CONVERSION = YES;
				CLANG_WARN_DEPRECATED_OBJC_IMPLEMENTATIONS = YES;
				CLANG_WARN_DIRECT_OBJC_ISA_USAGE = YES_ERROR;
				CLANG_WARN_DOCUMENTATION_COMMENTS = YES;
				CLANG_WARN_EMPTY_BODY = YES;
				CLANG_WARN_ENUM_CONVERSION = YES;
				CLANG_WARN_INFINITE_RECURSION = YES;
				CLANG_WARN_INT_CONVERSION = YES;
				CLANG_WARN_NON_LITERAL_NULL_CONVERSION = YES;
				CLANG_WARN_OBJC_IMPLICIT_RETAIN_SELF = YES;
				CLANG_WARN_OBJC_LITERAL_CONVERSION = YES;
				CLANG_WARN_OBJC_ROOT_CLASS = YES_ERROR;
				CLANG_WARN_QUOTED_INCLUDE_IN_FRAMEWORK_HEADER = YES;
				CLANG_WARN_RANGE_LOOP_ANALYSIS = YES;
				CLANG_WARN_STRICT_PROTOTYPES = YES;
				CLANG_WARN_SUSPICIOUS_MOVE = YES;
				CLANG_WARN_UNGUARDED_AVAILABILITY = YES_AGGRESSIVE;
				CLANG_WARN_UNREACHABLE_CODE = YES;
				CLANG_WARN__DUPLICATE_METHOD_MATCH = YES;
				COPY_PHASE_STRIP = NO;
				DEBUG_INFORMATION_FORMAT = "dwarf-with-dsym";
				ENABLE_NS_ASSERTIONS = NO;
				ENABLE_STRICT_OBJC_MSGSEND = YES;
				GCC_C_LANGUAGE_STANDARD = gnu11;
				GCC_NO_COMMON_BLOCKS = YES;
				GCC_WARN_64_TO_32_BIT_CONVERSION = YES;
				GCC_WARN_ABOUT_RETURN_TYPE = YES_ERROR;
				GCC_WARN_UNDECLARED_SELECTOR = YES;
				GCC_WARN_UNINITIALIZED_AUTOS = YES_AGGRESSIVE;
				GCC_WARN_UNUSED_FUNCTION = YES;
				GCC_WARN_UNUSED_VARIABLE = YES;
				IPHONEOS_DEPLOYMENT_TARGET = 15.4;
				MTL_ENABLE_DEBUG_INFO = NO;
				MTL_FAST_MATH = YES;
				SDKROOT = iphoneos;
				SWIFT_COMPILATION_MODE = wholemodule;
				SWIFT_OPTIMIZATION_LEVEL = "-O";
				VALIDATE_PRODUCT = YES;
			};
			name = Release;
		};
		8DDD2051282FC06C006BFD14 /* Debug */ = {
			isa = XCBuildConfiguration;
			baseConfigurationReference = 7F995ADD83AF73C911AC64E7 /* Pods-Crypto-List.debug.xcconfig */;
			buildSettings = {
				ASSETCATALOG_COMPILER_APPICON_NAME = AppIcon;
				ASSETCATALOG_COMPILER_GLOBAL_ACCENT_COLOR_NAME = AccentColor;
				CODE_SIGN_STYLE = Automatic;
				CURRENT_PROJECT_VERSION = 1;
				DEVELOPMENT_ASSET_PATHS = "\"Crypto-List/Preview Content\"";
				ENABLE_PREVIEWS = YES;
				GENERATE_INFOPLIST_FILE = YES;
				INFOPLIST_KEY_UIApplicationSceneManifest_Generation = YES;
				INFOPLIST_KEY_UIApplicationSupportsIndirectInputEvents = YES;
				INFOPLIST_KEY_UILaunchScreen_Generation = YES;
				INFOPLIST_KEY_UISupportedInterfaceOrientations_iPad = "UIInterfaceOrientationPortrait UIInterfaceOrientationPortraitUpsideDown UIInterfaceOrientationLandscapeLeft UIInterfaceOrientationLandscapeRight";
				INFOPLIST_KEY_UISupportedInterfaceOrientations_iPhone = "UIInterfaceOrientationPortrait UIInterfaceOrientationLandscapeLeft UIInterfaceOrientationLandscapeRight";
				LD_RUNPATH_SEARCH_PATHS = (
					"$(inherited)",
					"@executable_path/Frameworks",
				);
				MARKETING_VERSION = 1.0;
				PRODUCT_BUNDLE_IDENTIFIER = "com.phonthep.Crypto-List";
				PRODUCT_NAME = "$(TARGET_NAME)";
				SWIFT_EMIT_LOC_STRINGS = YES;
				SWIFT_VERSION = 5.0;
				TARGETED_DEVICE_FAMILY = 1;
			};
			name = Debug;
		};
		8DDD2052282FC06C006BFD14 /* Release */ = {
			isa = XCBuildConfiguration;
			baseConfigurationReference = 58D6873789E188F51D3A2665 /* Pods-Crypto-List.release.xcconfig */;
			buildSettings = {
				ASSETCATALOG_COMPILER_APPICON_NAME = AppIcon;
				ASSETCATALOG_COMPILER_GLOBAL_ACCENT_COLOR_NAME = AccentColor;
				CODE_SIGN_STYLE = Automatic;
				CURRENT_PROJECT_VERSION = 1;
				DEVELOPMENT_ASSET_PATHS = "\"Crypto-List/Preview Content\"";
				ENABLE_PREVIEWS = YES;
				GENERATE_INFOPLIST_FILE = YES;
				INFOPLIST_KEY_UIApplicationSceneManifest_Generation = YES;
				INFOPLIST_KEY_UIApplicationSupportsIndirectInputEvents = YES;
				INFOPLIST_KEY_UILaunchScreen_Generation = YES;
				INFOPLIST_KEY_UISupportedInterfaceOrientations_iPad = "UIInterfaceOrientationPortrait UIInterfaceOrientationPortraitUpsideDown UIInterfaceOrientationLandscapeLeft UIInterfaceOrientationLandscapeRight";
				INFOPLIST_KEY_UISupportedInterfaceOrientations_iPhone = "UIInterfaceOrientationPortrait UIInterfaceOrientationLandscapeLeft UIInterfaceOrientationLandscapeRight";
				LD_RUNPATH_SEARCH_PATHS = (
					"$(inherited)",
					"@executable_path/Frameworks",
				);
				MARKETING_VERSION = 1.0;
				PRODUCT_BUNDLE_IDENTIFIER = "com.phonthep.Crypto-List";
				PRODUCT_NAME = "$(TARGET_NAME)";
				SWIFT_EMIT_LOC_STRINGS = YES;
				SWIFT_VERSION = 5.0;
				TARGETED_DEVICE_FAMILY = 1;
			};
			name = Release;
		};
		8DDD2054282FC06C006BFD14 /* Debug */ = {
			isa = XCBuildConfiguration;
			baseConfigurationReference = D705399B041B9DFE11E99E9D /* Pods-Crypto-ListTests.debug.xcconfig */;
			buildSettings = {
				ALWAYS_EMBED_SWIFT_STANDARD_LIBRARIES = YES;
				BUNDLE_LOADER = "$(TEST_HOST)";
				CODE_SIGN_STYLE = Automatic;
				CURRENT_PROJECT_VERSION = 1;
				GENERATE_INFOPLIST_FILE = YES;
				IPHONEOS_DEPLOYMENT_TARGET = 15.4;
				MARKETING_VERSION = 1.0;
				PRODUCT_BUNDLE_IDENTIFIER = "com.phonthep.Crypto-ListTests";
				PRODUCT_NAME = "$(TARGET_NAME)";
				SWIFT_EMIT_LOC_STRINGS = NO;
				SWIFT_VERSION = 5.0;
				TARGETED_DEVICE_FAMILY = "1,2";
				TEST_HOST = "$(BUILT_PRODUCTS_DIR)/Crypto-List.app/Crypto-List";
			};
			name = Debug;
		};
		8DDD2055282FC06C006BFD14 /* Release */ = {
			isa = XCBuildConfiguration;
			baseConfigurationReference = 88CBE85D6C933887A64F0D5D /* Pods-Crypto-ListTests.release.xcconfig */;
			buildSettings = {
				ALWAYS_EMBED_SWIFT_STANDARD_LIBRARIES = YES;
				BUNDLE_LOADER = "$(TEST_HOST)";
				CODE_SIGN_STYLE = Automatic;
				CURRENT_PROJECT_VERSION = 1;
				GENERATE_INFOPLIST_FILE = YES;
				IPHONEOS_DEPLOYMENT_TARGET = 15.4;
				MARKETING_VERSION = 1.0;
				PRODUCT_BUNDLE_IDENTIFIER = "com.phonthep.Crypto-ListTests";
				PRODUCT_NAME = "$(TARGET_NAME)";
				SWIFT_EMIT_LOC_STRINGS = NO;
				SWIFT_VERSION = 5.0;
				TARGETED_DEVICE_FAMILY = "1,2";
				TEST_HOST = "$(BUILT_PRODUCTS_DIR)/Crypto-List.app/Crypto-List";
			};
			name = Release;
		};
		8DDD2057282FC06C006BFD14 /* Debug */ = {
			isa = XCBuildConfiguration;
			baseConfigurationReference = 1206A1379D33737C73671006 /* Pods-Crypto-List-Crypto-ListUITests.debug.xcconfig */;
			buildSettings = {
				ALWAYS_EMBED_SWIFT_STANDARD_LIBRARIES = YES;
				CODE_SIGN_STYLE = Automatic;
				CURRENT_PROJECT_VERSION = 1;
				GENERATE_INFOPLIST_FILE = YES;
				MARKETING_VERSION = 1.0;
				PRODUCT_BUNDLE_IDENTIFIER = "com.phonthep.Crypto-ListUITests";
				PRODUCT_NAME = "$(TARGET_NAME)";
				SWIFT_EMIT_LOC_STRINGS = NO;
				SWIFT_VERSION = 5.0;
				TARGETED_DEVICE_FAMILY = "1,2";
				TEST_TARGET_NAME = "Crypto-List";
			};
			name = Debug;
		};
		8DDD2058282FC06C006BFD14 /* Release */ = {
			isa = XCBuildConfiguration;
			baseConfigurationReference = 12C0F7EA5963997D9BB6BBC0 /* Pods-Crypto-List-Crypto-ListUITests.release.xcconfig */;
			buildSettings = {
				ALWAYS_EMBED_SWIFT_STANDARD_LIBRARIES = YES;
				CODE_SIGN_STYLE = Automatic;
				CURRENT_PROJECT_VERSION = 1;
				GENERATE_INFOPLIST_FILE = YES;
				MARKETING_VERSION = 1.0;
				PRODUCT_BUNDLE_IDENTIFIER = "com.phonthep.Crypto-ListUITests";
				PRODUCT_NAME = "$(TARGET_NAME)";
				SWIFT_EMIT_LOC_STRINGS = NO;
				SWIFT_VERSION = 5.0;
				TARGETED_DEVICE_FAMILY = "1,2";
				TEST_TARGET_NAME = "Crypto-List";
			};
			name = Release;
		};
/* End XCBuildConfiguration section */

/* Begin XCConfigurationList section */
		8DDD2027282FC06B006BFD14 /* Build configuration list for PBXProject "Crypto-List" */ = {
			isa = XCConfigurationList;
			buildConfigurations = (
				8DDD204E282FC06C006BFD14 /* Debug */,
				8DDD204F282FC06C006BFD14 /* Release */,
			);
			defaultConfigurationIsVisible = 0;
			defaultConfigurationName = Release;
		};
		8DDD2050282FC06C006BFD14 /* Build configuration list for PBXNativeTarget "Crypto-List" */ = {
			isa = XCConfigurationList;
			buildConfigurations = (
				8DDD2051282FC06C006BFD14 /* Debug */,
				8DDD2052282FC06C006BFD14 /* Release */,
			);
			defaultConfigurationIsVisible = 0;
			defaultConfigurationName = Release;
		};
		8DDD2053282FC06C006BFD14 /* Build configuration list for PBXNativeTarget "Crypto-ListTests" */ = {
			isa = XCConfigurationList;
			buildConfigurations = (
				8DDD2054282FC06C006BFD14 /* Debug */,
				8DDD2055282FC06C006BFD14 /* Release */,
			);
			defaultConfigurationIsVisible = 0;
			defaultConfigurationName = Release;
		};
		8DDD2056282FC06C006BFD14 /* Build configuration list for PBXNativeTarget "Crypto-ListUITests" */ = {
			isa = XCConfigurationList;
			buildConfigurations = (
				8DDD2057282FC06C006BFD14 /* Debug */,
				8DDD2058282FC06C006BFD14 /* Release */,
			);
			defaultConfigurationIsVisible = 0;
			defaultConfigurationName = Release;
		};
/* End XCConfigurationList section */
	};
	rootObject = 8DDD2024282FC06B006BFD14 /* Project object */;
}
